
Microsoft Visual Studio Solution File, Format Version 12.00
# Visual Studio Version 16
VisualStudioVersion = 16.0.29509.3
MinimumVisualStudioVersion = 10.0.40219.1
Project("{2150E333-8FDC-42A3-9474-1A3956D46DE8}") = "src", "src", "{ACF31B44-E9DA-41A6-87D7-9B81B87DA0FA}"
EndProject
Project("{2150E333-8FDC-42A3-9474-1A3956D46DE8}") = "build", "build", "{6509E299-7DDE-4FC5-A686-4A1A79D841E9}"
EndProject
Project("{2150E333-8FDC-42A3-9474-1A3956D46DE8}") = "Solution Items", "Solution Items", "{32CC8A1C-DE44-40B2-99D0-D5BBB417C202}"
EndProject
Project("{2150E333-8FDC-42A3-9474-1A3956D46DE8}") = "tests", "tests", "{093FE4E9-D2BE-42F8-AF7A-31D3CB2A67DE}"
EndProject
Project("{9A19103F-16F7-4668-BE54-9A1E7A4F7556}") = "Awesome.Player", "src\Awesome.Player\Awesome.Player.csproj", "{D9F89681-E819-449F-9054-5FEC40E959CB}"
EndProject
Project("{FAE04EC0-301F-11D3-BF4B-00C04F79EFBC}") = "Awesome.Player.Android", "src\Awesome.Player.Android\Awesome.Player.Android.csproj", "{433FA4CA-3F04-4339-86BD-9705CFA13C4C}"
EndProject
Project("{FAE04EC0-301F-11D3-BF4B-00C04F79EFBC}") = "Awesome.Player.iOS", "src\Awesome.Player.iOS\Awesome.Player.iOS.csproj", "{5DDDCE70-7735-4BEC-B50B-74D077BD1910}"
EndProject
Project("{FAE04EC0-301F-11D3-BF4B-00C04F79EFBC}") = "Awesome.Player.UWP", "src\Awesome.Player.UWP\Awesome.Player.UWP.csproj", "{9F2EAF77-75F3-48A2-B87D-BB943C5DD60B}"
EndProject
Project("{FAE04EC0-301F-11D3-BF4B-00C04F79EFBC}") = "Awesome.Player.Core", "src\Awesome.Player.Core\Awesome.Player.Core.csproj", "{75854CFF-AA81-42B9-99C1-7F102C61B76E}"
EndProject
Global
	GlobalSection(SolutionConfigurationPlatforms) = preSolution
		Ad-Hoc|Any CPU = Ad-Hoc|Any CPU
		Ad-Hoc|ARM = Ad-Hoc|ARM
		Ad-Hoc|iPhone = Ad-Hoc|iPhone
		Ad-Hoc|iPhoneSimulator = Ad-Hoc|iPhoneSimulator
		Ad-Hoc|x64 = Ad-Hoc|x64
		Ad-Hoc|x86 = Ad-Hoc|x86
		AppStore|Any CPU = AppStore|Any CPU
		AppStore|ARM = AppStore|ARM
		AppStore|iPhone = AppStore|iPhone
		AppStore|iPhoneSimulator = AppStore|iPhoneSimulator
		AppStore|x64 = AppStore|x64
		AppStore|x86 = AppStore|x86
		Debug|Any CPU = Debug|Any CPU
		Debug|ARM = Debug|ARM
		Debug|iPhone = Debug|iPhone
		Debug|iPhoneSimulator = Debug|iPhoneSimulator
		Debug|x64 = Debug|x64
		Debug|x86 = Debug|x86
		Release|Any CPU = Release|Any CPU
		Release|ARM = Release|ARM
		Release|iPhone = Release|iPhone
		Release|iPhoneSimulator = Release|iPhoneSimulator
		Release|x64 = Release|x64
		Release|x86 = Release|x86
	EndGlobalSection
	GlobalSection(ProjectConfigurationPlatforms) = postSolution
		{D9F89681-E819-449F-9054-5FEC40E959CB}.Ad-Hoc|Any CPU.ActiveCfg = Debug|Any CPU
		{D9F89681-E819-449F-9054-5FEC40E959CB}.Ad-Hoc|Any CPU.Build.0 = Debug|Any CPU
		{D9F89681-E819-449F-9054-5FEC40E959CB}.Ad-Hoc|ARM.ActiveCfg = Debug|Any CPU
		{D9F89681-E819-449F-9054-5FEC40E959CB}.Ad-Hoc|ARM.Build.0 = Debug|Any CPU
		{D9F89681-E819-449F-9054-5FEC40E959CB}.Ad-Hoc|iPhone.ActiveCfg = Debug|Any CPU
		{D9F89681-E819-449F-9054-5FEC40E959CB}.Ad-Hoc|iPhone.Build.0 = Debug|Any CPU
		{D9F89681-E819-449F-9054-5FEC40E959CB}.Ad-Hoc|iPhoneSimulator.ActiveCfg = Debug|Any CPU
		{D9F89681-E819-449F-9054-5FEC40E959CB}.Ad-Hoc|iPhoneSimulator.Build.0 = Debug|Any CPU
		{D9F89681-E819-449F-9054-5FEC40E959CB}.Ad-Hoc|x64.ActiveCfg = Debug|Any CPU
		{D9F89681-E819-449F-9054-5FEC40E959CB}.Ad-Hoc|x64.Build.0 = Debug|Any CPU
		{D9F89681-E819-449F-9054-5FEC40E959CB}.Ad-Hoc|x86.ActiveCfg = Debug|Any CPU
		{D9F89681-E819-449F-9054-5FEC40E959CB}.Ad-Hoc|x86.Build.0 = Debug|Any CPU
		{D9F89681-E819-449F-9054-5FEC40E959CB}.AppStore|Any CPU.ActiveCfg = Debug|Any CPU
		{D9F89681-E819-449F-9054-5FEC40E959CB}.AppStore|Any CPU.Build.0 = Debug|Any CPU
		{D9F89681-E819-449F-9054-5FEC40E959CB}.AppStore|ARM.ActiveCfg = Debug|Any CPU
		{D9F89681-E819-449F-9054-5FEC40E959CB}.AppStore|ARM.Build.0 = Debug|Any CPU
		{D9F89681-E819-449F-9054-5FEC40E959CB}.AppStore|iPhone.ActiveCfg = Debug|Any CPU
		{D9F89681-E819-449F-9054-5FEC40E959CB}.AppStore|iPhone.Build.0 = Debug|Any CPU
		{D9F89681-E819-449F-9054-5FEC40E959CB}.AppStore|iPhoneSimulator.ActiveCfg = Debug|Any CPU
		{D9F89681-E819-449F-9054-5FEC40E959CB}.AppStore|iPhoneSimulator.Build.0 = Debug|Any CPU
		{D9F89681-E819-449F-9054-5FEC40E959CB}.AppStore|x64.ActiveCfg = Debug|Any CPU
		{D9F89681-E819-449F-9054-5FEC40E959CB}.AppStore|x64.Build.0 = Debug|Any CPU
		{D9F89681-E819-449F-9054-5FEC40E959CB}.AppStore|x86.ActiveCfg = Debug|Any CPU
		{D9F89681-E819-449F-9054-5FEC40E959CB}.AppStore|x86.Build.0 = Debug|Any CPU
		{D9F89681-E819-449F-9054-5FEC40E959CB}.Debug|Any CPU.ActiveCfg = Debug|Any CPU
		{D9F89681-E819-449F-9054-5FEC40E959CB}.Debug|Any CPU.Build.0 = Debug|Any CPU
		{D9F89681-E819-449F-9054-5FEC40E959CB}.Debug|ARM.ActiveCfg = Debug|Any CPU
		{D9F89681-E819-449F-9054-5FEC40E959CB}.Debug|ARM.Build.0 = Debug|Any CPU
		{D9F89681-E819-449F-9054-5FEC40E959CB}.Debug|iPhone.ActiveCfg = Debug|Any CPU
		{D9F89681-E819-449F-9054-5FEC40E959CB}.Debug|iPhone.Build.0 = Debug|Any CPU
		{D9F89681-E819-449F-9054-5FEC40E959CB}.Debug|iPhoneSimulator.ActiveCfg = Debug|Any CPU
		{D9F89681-E819-449F-9054-5FEC40E959CB}.Debug|iPhoneSimulator.Build.0 = Debug|Any CPU
		{D9F89681-E819-449F-9054-5FEC40E959CB}.Debug|x64.ActiveCfg = Debug|Any CPU
		{D9F89681-E819-449F-9054-5FEC40E959CB}.Debug|x64.Build.0 = Debug|Any CPU
		{D9F89681-E819-449F-9054-5FEC40E959CB}.Debug|x86.ActiveCfg = Debug|Any CPU
		{D9F89681-E819-449F-9054-5FEC40E959CB}.Debug|x86.Build.0 = Debug|Any CPU
		{D9F89681-E819-449F-9054-5FEC40E959CB}.Release|Any CPU.ActiveCfg = Release|Any CPU
		{D9F89681-E819-449F-9054-5FEC40E959CB}.Release|Any CPU.Build.0 = Release|Any CPU
		{D9F89681-E819-449F-9054-5FEC40E959CB}.Release|ARM.ActiveCfg = Release|Any CPU
		{D9F89681-E819-449F-9054-5FEC40E959CB}.Release|ARM.Build.0 = Release|Any CPU
		{D9F89681-E819-449F-9054-5FEC40E959CB}.Release|iPhone.ActiveCfg = Release|Any CPU
		{D9F89681-E819-449F-9054-5FEC40E959CB}.Release|iPhone.Build.0 = Release|Any CPU
		{D9F89681-E819-449F-9054-5FEC40E959CB}.Release|iPhoneSimulator.ActiveCfg = Release|Any CPU
		{D9F89681-E819-449F-9054-5FEC40E959CB}.Release|iPhoneSimulator.Build.0 = Release|Any CPU
		{D9F89681-E819-449F-9054-5FEC40E959CB}.Release|x64.ActiveCfg = Release|Any CPU
		{D9F89681-E819-449F-9054-5FEC40E959CB}.Release|x64.Build.0 = Release|Any CPU
		{D9F89681-E819-449F-9054-5FEC40E959CB}.Release|x86.ActiveCfg = Release|Any CPU
		{D9F89681-E819-449F-9054-5FEC40E959CB}.Release|x86.Build.0 = Release|Any CPU
		{433FA4CA-3F04-4339-86BD-9705CFA13C4C}.Ad-Hoc|Any CPU.ActiveCfg = Release|Any CPU
		{433FA4CA-3F04-4339-86BD-9705CFA13C4C}.Ad-Hoc|Any CPU.Build.0 = Release|Any CPU
		{433FA4CA-3F04-4339-86BD-9705CFA13C4C}.Ad-Hoc|Any CPU.Deploy.0 = Release|Any CPU
		{433FA4CA-3F04-4339-86BD-9705CFA13C4C}.Ad-Hoc|ARM.ActiveCfg = Release|Any CPU
		{433FA4CA-3F04-4339-86BD-9705CFA13C4C}.Ad-Hoc|ARM.Build.0 = Release|Any CPU
		{433FA4CA-3F04-4339-86BD-9705CFA13C4C}.Ad-Hoc|ARM.Deploy.0 = Release|Any CPU
		{433FA4CA-3F04-4339-86BD-9705CFA13C4C}.Ad-Hoc|iPhone.ActiveCfg = Release|Any CPU
		{433FA4CA-3F04-4339-86BD-9705CFA13C4C}.Ad-Hoc|iPhone.Build.0 = Release|Any CPU
		{433FA4CA-3F04-4339-86BD-9705CFA13C4C}.Ad-Hoc|iPhone.Deploy.0 = Release|Any CPU
		{433FA4CA-3F04-4339-86BD-9705CFA13C4C}.Ad-Hoc|iPhoneSimulator.ActiveCfg = Release|Any CPU
		{433FA4CA-3F04-4339-86BD-9705CFA13C4C}.Ad-Hoc|iPhoneSimulator.Build.0 = Release|Any CPU
		{433FA4CA-3F04-4339-86BD-9705CFA13C4C}.Ad-Hoc|iPhoneSimulator.Deploy.0 = Release|Any CPU
		{433FA4CA-3F04-4339-86BD-9705CFA13C4C}.Ad-Hoc|x64.ActiveCfg = Release|Any CPU
		{433FA4CA-3F04-4339-86BD-9705CFA13C4C}.Ad-Hoc|x64.Build.0 = Release|Any CPU
		{433FA4CA-3F04-4339-86BD-9705CFA13C4C}.Ad-Hoc|x64.Deploy.0 = Release|Any CPU
		{433FA4CA-3F04-4339-86BD-9705CFA13C4C}.Ad-Hoc|x86.ActiveCfg = Release|Any CPU
		{433FA4CA-3F04-4339-86BD-9705CFA13C4C}.Ad-Hoc|x86.Build.0 = Release|Any CPU
		{433FA4CA-3F04-4339-86BD-9705CFA13C4C}.Ad-Hoc|x86.Deploy.0 = Release|Any CPU
		{433FA4CA-3F04-4339-86BD-9705CFA13C4C}.AppStore|Any CPU.ActiveCfg = Release|Any CPU
		{433FA4CA-3F04-4339-86BD-9705CFA13C4C}.AppStore|Any CPU.Build.0 = Release|Any CPU
		{433FA4CA-3F04-4339-86BD-9705CFA13C4C}.AppStore|Any CPU.Deploy.0 = Release|Any CPU
		{433FA4CA-3F04-4339-86BD-9705CFA13C4C}.AppStore|ARM.ActiveCfg = Release|Any CPU
		{433FA4CA-3F04-4339-86BD-9705CFA13C4C}.AppStore|ARM.Build.0 = Release|Any CPU
		{433FA4CA-3F04-4339-86BD-9705CFA13C4C}.AppStore|ARM.Deploy.0 = Release|Any CPU
		{433FA4CA-3F04-4339-86BD-9705CFA13C4C}.AppStore|iPhone.ActiveCfg = Release|Any CPU
		{433FA4CA-3F04-4339-86BD-9705CFA13C4C}.AppStore|iPhone.Build.0 = Release|Any CPU
		{433FA4CA-3F04-4339-86BD-9705CFA13C4C}.AppStore|iPhone.Deploy.0 = Release|Any CPU
		{433FA4CA-3F04-4339-86BD-9705CFA13C4C}.AppStore|iPhoneSimulator.ActiveCfg = Release|Any CPU
		{433FA4CA-3F04-4339-86BD-9705CFA13C4C}.AppStore|iPhoneSimulator.Build.0 = Release|Any CPU
		{433FA4CA-3F04-4339-86BD-9705CFA13C4C}.AppStore|iPhoneSimulator.Deploy.0 = Release|Any CPU
		{433FA4CA-3F04-4339-86BD-9705CFA13C4C}.AppStore|x64.ActiveCfg = Release|Any CPU
		{433FA4CA-3F04-4339-86BD-9705CFA13C4C}.AppStore|x64.Build.0 = Release|Any CPU
		{433FA4CA-3F04-4339-86BD-9705CFA13C4C}.AppStore|x64.Deploy.0 = Release|Any CPU
		{433FA4CA-3F04-4339-86BD-9705CFA13C4C}.AppStore|x86.ActiveCfg = Release|Any CPU
		{433FA4CA-3F04-4339-86BD-9705CFA13C4C}.AppStore|x86.Build.0 = Release|Any CPU
		{433FA4CA-3F04-4339-86BD-9705CFA13C4C}.AppStore|x86.Deploy.0 = Release|Any CPU
		{433FA4CA-3F04-4339-86BD-9705CFA13C4C}.Debug|Any CPU.ActiveCfg = Debug|Any CPU
		{433FA4CA-3F04-4339-86BD-9705CFA13C4C}.Debug|Any CPU.Build.0 = Debug|Any CPU
		{433FA4CA-3F04-4339-86BD-9705CFA13C4C}.Debug|Any CPU.Deploy.0 = Debug|Any CPU
		{433FA4CA-3F04-4339-86BD-9705CFA13C4C}.Debug|ARM.ActiveCfg = Debug|Any CPU
		{433FA4CA-3F04-4339-86BD-9705CFA13C4C}.Debug|ARM.Build.0 = Debug|Any CPU
		{433FA4CA-3F04-4339-86BD-9705CFA13C4C}.Debug|ARM.Deploy.0 = Debug|Any CPU
		{433FA4CA-3F04-4339-86BD-9705CFA13C4C}.Debug|iPhone.ActiveCfg = Debug|Any CPU
		{433FA4CA-3F04-4339-86BD-9705CFA13C4C}.Debug|iPhone.Build.0 = Debug|Any CPU
		{433FA4CA-3F04-4339-86BD-9705CFA13C4C}.Debug|iPhone.Deploy.0 = Debug|Any CPU
		{433FA4CA-3F04-4339-86BD-9705CFA13C4C}.Debug|iPhoneSimulator.ActiveCfg = Debug|Any CPU
		{433FA4CA-3F04-4339-86BD-9705CFA13C4C}.Debug|iPhoneSimulator.Build.0 = Debug|Any CPU
		{433FA4CA-3F04-4339-86BD-9705CFA13C4C}.Debug|iPhoneSimulator.Deploy.0 = Debug|Any CPU
		{433FA4CA-3F04-4339-86BD-9705CFA13C4C}.Debug|x64.ActiveCfg = Debug|Any CPU
		{433FA4CA-3F04-4339-86BD-9705CFA13C4C}.Debug|x64.Build.0 = Debug|Any CPU
		{433FA4CA-3F04-4339-86BD-9705CFA13C4C}.Debug|x64.Deploy.0 = Debug|Any CPU
		{433FA4CA-3F04-4339-86BD-9705CFA13C4C}.Debug|x86.ActiveCfg = Debug|Any CPU
		{433FA4CA-3F04-4339-86BD-9705CFA13C4C}.Debug|x86.Build.0 = Debug|Any CPU
		{433FA4CA-3F04-4339-86BD-9705CFA13C4C}.Debug|x86.Deploy.0 = Debug|Any CPU
		{433FA4CA-3F04-4339-86BD-9705CFA13C4C}.Release|Any CPU.ActiveCfg = Release|Any CPU
		{433FA4CA-3F04-4339-86BD-9705CFA13C4C}.Release|Any CPU.Build.0 = Release|Any CPU
		{433FA4CA-3F04-4339-86BD-9705CFA13C4C}.Release|Any CPU.Deploy.0 = Release|Any CPU
		{433FA4CA-3F04-4339-86BD-9705CFA13C4C}.Release|ARM.ActiveCfg = Release|Any CPU
		{433FA4CA-3F04-4339-86BD-9705CFA13C4C}.Release|ARM.Build.0 = Release|Any CPU
		{433FA4CA-3F04-4339-86BD-9705CFA13C4C}.Release|ARM.Deploy.0 = Release|Any CPU
		{433FA4CA-3F04-4339-86BD-9705CFA13C4C}.Release|iPhone.ActiveCfg = Release|Any CPU
		{433FA4CA-3F04-4339-86BD-9705CFA13C4C}.Release|iPhone.Build.0 = Release|Any CPU
		{433FA4CA-3F04-4339-86BD-9705CFA13C4C}.Release|iPhone.Deploy.0 = Release|Any CPU
		{433FA4CA-3F04-4339-86BD-9705CFA13C4C}.Release|iPhoneSimulator.ActiveCfg = Release|Any CPU
		{433FA4CA-3F04-4339-86BD-9705CFA13C4C}.Release|iPhoneSimulator.Build.0 = Release|Any CPU
		{433FA4CA-3F04-4339-86BD-9705CFA13C4C}.Release|iPhoneSimulator.Deploy.0 = Release|Any CPU
		{433FA4CA-3F04-4339-86BD-9705CFA13C4C}.Release|x64.ActiveCfg = Release|Any CPU
		{433FA4CA-3F04-4339-86BD-9705CFA13C4C}.Release|x64.Build.0 = Release|Any CPU
		{433FA4CA-3F04-4339-86BD-9705CFA13C4C}.Release|x64.Deploy.0 = Release|Any CPU
		{433FA4CA-3F04-4339-86BD-9705CFA13C4C}.Release|x86.ActiveCfg = Release|Any CPU
		{433FA4CA-3F04-4339-86BD-9705CFA13C4C}.Release|x86.Build.0 = Release|Any CPU
		{433FA4CA-3F04-4339-86BD-9705CFA13C4C}.Release|x86.Deploy.0 = Release|Any CPU
		{5DDDCE70-7735-4BEC-B50B-74D077BD1910}.Ad-Hoc|Any CPU.ActiveCfg = Ad-Hoc|iPhone
		{5DDDCE70-7735-4BEC-B50B-74D077BD1910}.Ad-Hoc|ARM.ActiveCfg = Ad-Hoc|iPhone
		{5DDDCE70-7735-4BEC-B50B-74D077BD1910}.Ad-Hoc|iPhone.ActiveCfg = Ad-Hoc|iPhone
		{5DDDCE70-7735-4BEC-B50B-74D077BD1910}.Ad-Hoc|iPhone.Build.0 = Ad-Hoc|iPhone
		{5DDDCE70-7735-4BEC-B50B-74D077BD1910}.Ad-Hoc|iPhoneSimulator.ActiveCfg = Ad-Hoc|iPhoneSimulator
		{5DDDCE70-7735-4BEC-B50B-74D077BD1910}.Ad-Hoc|iPhoneSimulator.Build.0 = Ad-Hoc|iPhoneSimulator
		{5DDDCE70-7735-4BEC-B50B-74D077BD1910}.Ad-Hoc|x64.ActiveCfg = Ad-Hoc|iPhone
		{5DDDCE70-7735-4BEC-B50B-74D077BD1910}.Ad-Hoc|x86.ActiveCfg = Ad-Hoc|iPhone
		{5DDDCE70-7735-4BEC-B50B-74D077BD1910}.AppStore|Any CPU.ActiveCfg = AppStore|iPhone
		{5DDDCE70-7735-4BEC-B50B-74D077BD1910}.AppStore|ARM.ActiveCfg = AppStore|iPhone
		{5DDDCE70-7735-4BEC-B50B-74D077BD1910}.AppStore|iPhone.ActiveCfg = AppStore|iPhone
		{5DDDCE70-7735-4BEC-B50B-74D077BD1910}.AppStore|iPhone.Build.0 = AppStore|iPhone
		{5DDDCE70-7735-4BEC-B50B-74D077BD1910}.AppStore|iPhoneSimulator.ActiveCfg = AppStore|iPhoneSimulator
		{5DDDCE70-7735-4BEC-B50B-74D077BD1910}.AppStore|iPhoneSimulator.Build.0 = AppStore|iPhoneSimulator
		{5DDDCE70-7735-4BEC-B50B-74D077BD1910}.AppStore|x64.ActiveCfg = AppStore|iPhone
		{5DDDCE70-7735-4BEC-B50B-74D077BD1910}.AppStore|x86.ActiveCfg = AppStore|iPhone
		{5DDDCE70-7735-4BEC-B50B-74D077BD1910}.Debug|Any CPU.ActiveCfg = Debug|iPhone
		{5DDDCE70-7735-4BEC-B50B-74D077BD1910}.Debug|ARM.ActiveCfg = Debug|iPhone
		{5DDDCE70-7735-4BEC-B50B-74D077BD1910}.Debug|iPhone.ActiveCfg = Debug|iPhone
		{5DDDCE70-7735-4BEC-B50B-74D077BD1910}.Debug|iPhone.Build.0 = Debug|iPhone
		{5DDDCE70-7735-4BEC-B50B-74D077BD1910}.Debug|iPhoneSimulator.ActiveCfg = Debug|iPhoneSimulator
		{5DDDCE70-7735-4BEC-B50B-74D077BD1910}.Debug|iPhoneSimulator.Build.0 = Debug|iPhoneSimulator
		{5DDDCE70-7735-4BEC-B50B-74D077BD1910}.Debug|x64.ActiveCfg = Debug|iPhone
		{5DDDCE70-7735-4BEC-B50B-74D077BD1910}.Debug|x86.ActiveCfg = Debug|iPhone
		{5DDDCE70-7735-4BEC-B50B-74D077BD1910}.Release|Any CPU.ActiveCfg = Release|iPhone
		{5DDDCE70-7735-4BEC-B50B-74D077BD1910}.Release|ARM.ActiveCfg = Release|iPhone
		{5DDDCE70-7735-4BEC-B50B-74D077BD1910}.Release|iPhone.ActiveCfg = Release|iPhone
		{5DDDCE70-7735-4BEC-B50B-74D077BD1910}.Release|iPhone.Build.0 = Release|iPhone
		{5DDDCE70-7735-4BEC-B50B-74D077BD1910}.Release|iPhoneSimulator.ActiveCfg = Release|iPhoneSimulator
		{5DDDCE70-7735-4BEC-B50B-74D077BD1910}.Release|iPhoneSimulator.Build.0 = Release|iPhoneSimulator
		{5DDDCE70-7735-4BEC-B50B-74D077BD1910}.Release|x64.ActiveCfg = Release|iPhone
		{5DDDCE70-7735-4BEC-B50B-74D077BD1910}.Release|x86.ActiveCfg = Release|iPhone
		{9F2EAF77-75F3-48A2-B87D-BB943C5DD60B}.Ad-Hoc|Any CPU.ActiveCfg = Release|x86
		{9F2EAF77-75F3-48A2-B87D-BB943C5DD60B}.Ad-Hoc|Any CPU.Build.0 = Release|x86
		{9F2EAF77-75F3-48A2-B87D-BB943C5DD60B}.Ad-Hoc|Any CPU.Deploy.0 = Release|x86
		{9F2EAF77-75F3-48A2-B87D-BB943C5DD60B}.Ad-Hoc|ARM.ActiveCfg = Release|ARM
		{9F2EAF77-75F3-48A2-B87D-BB943C5DD60B}.Ad-Hoc|ARM.Build.0 = Release|ARM
		{9F2EAF77-75F3-48A2-B87D-BB943C5DD60B}.Ad-Hoc|ARM.Deploy.0 = Release|ARM
		{9F2EAF77-75F3-48A2-B87D-BB943C5DD60B}.Ad-Hoc|iPhone.ActiveCfg = Release|x86
		{9F2EAF77-75F3-48A2-B87D-BB943C5DD60B}.Ad-Hoc|iPhone.Build.0 = Release|x86
		{9F2EAF77-75F3-48A2-B87D-BB943C5DD60B}.Ad-Hoc|iPhone.Deploy.0 = Release|x86
		{9F2EAF77-75F3-48A2-B87D-BB943C5DD60B}.Ad-Hoc|iPhoneSimulator.ActiveCfg = Release|x86
		{9F2EAF77-75F3-48A2-B87D-BB943C5DD60B}.Ad-Hoc|iPhoneSimulator.Build.0 = Release|x86
		{9F2EAF77-75F3-48A2-B87D-BB943C5DD60B}.Ad-Hoc|iPhoneSimulator.Deploy.0 = Release|x86
		{9F2EAF77-75F3-48A2-B87D-BB943C5DD60B}.Ad-Hoc|x64.ActiveCfg = Release|x64
		{9F2EAF77-75F3-48A2-B87D-BB943C5DD60B}.Ad-Hoc|x64.Build.0 = Release|x64
		{9F2EAF77-75F3-48A2-B87D-BB943C5DD60B}.Ad-Hoc|x64.Deploy.0 = Release|x64
		{9F2EAF77-75F3-48A2-B87D-BB943C5DD60B}.Ad-Hoc|x86.ActiveCfg = Release|x86
		{9F2EAF77-75F3-48A2-B87D-BB943C5DD60B}.Ad-Hoc|x86.Build.0 = Release|x86
		{9F2EAF77-75F3-48A2-B87D-BB943C5DD60B}.Ad-Hoc|x86.Deploy.0 = Release|x86
		{9F2EAF77-75F3-48A2-B87D-BB943C5DD60B}.AppStore|Any CPU.ActiveCfg = Release|x86
		{9F2EAF77-75F3-48A2-B87D-BB943C5DD60B}.AppStore|Any CPU.Build.0 = Release|x86
		{9F2EAF77-75F3-48A2-B87D-BB943C5DD60B}.AppStore|Any CPU.Deploy.0 = Release|x86
		{9F2EAF77-75F3-48A2-B87D-BB943C5DD60B}.AppStore|ARM.ActiveCfg = Release|ARM
		{9F2EAF77-75F3-48A2-B87D-BB943C5DD60B}.AppStore|ARM.Build.0 = Release|ARM
		{9F2EAF77-75F3-48A2-B87D-BB943C5DD60B}.AppStore|ARM.Deploy.0 = Release|ARM
		{9F2EAF77-75F3-48A2-B87D-BB943C5DD60B}.AppStore|iPhone.ActiveCfg = Release|x86
		{9F2EAF77-75F3-48A2-B87D-BB943C5DD60B}.AppStore|iPhone.Build.0 = Release|x86
		{9F2EAF77-75F3-48A2-B87D-BB943C5DD60B}.AppStore|iPhone.Deploy.0 = Release|x86
		{9F2EAF77-75F3-48A2-B87D-BB943C5DD60B}.AppStore|iPhoneSimulator.ActiveCfg = Release|x86
		{9F2EAF77-75F3-48A2-B87D-BB943C5DD60B}.AppStore|iPhoneSimulator.Build.0 = Release|x86
		{9F2EAF77-75F3-48A2-B87D-BB943C5DD60B}.AppStore|iPhoneSimulator.Deploy.0 = Release|x86
		{9F2EAF77-75F3-48A2-B87D-BB943C5DD60B}.AppStore|x64.ActiveCfg = Release|x64
		{9F2EAF77-75F3-48A2-B87D-BB943C5DD60B}.AppStore|x64.Build.0 = Release|x64
		{9F2EAF77-75F3-48A2-B87D-BB943C5DD60B}.AppStore|x64.Deploy.0 = Release|x64
		{9F2EAF77-75F3-48A2-B87D-BB943C5DD60B}.AppStore|x86.ActiveCfg = Release|x86
		{9F2EAF77-75F3-48A2-B87D-BB943C5DD60B}.AppStore|x86.Build.0 = Release|x86
		{9F2EAF77-75F3-48A2-B87D-BB943C5DD60B}.AppStore|x86.Deploy.0 = Release|x86
		{9F2EAF77-75F3-48A2-B87D-BB943C5DD60B}.Debug|Any CPU.ActiveCfg = Debug|x86
		{9F2EAF77-75F3-48A2-B87D-BB943C5DD60B}.Debug|ARM.ActiveCfg = Debug|ARM
		{9F2EAF77-75F3-48A2-B87D-BB943C5DD60B}.Debug|ARM.Build.0 = Debug|ARM
		{9F2EAF77-75F3-48A2-B87D-BB943C5DD60B}.Debug|ARM.Deploy.0 = Debug|ARM
		{9F2EAF77-75F3-48A2-B87D-BB943C5DD60B}.Debug|iPhone.ActiveCfg = Debug|x86
		{9F2EAF77-75F3-48A2-B87D-BB943C5DD60B}.Debug|iPhoneSimulator.ActiveCfg = Debug|x86
		{9F2EAF77-75F3-48A2-B87D-BB943C5DD60B}.Debug|x64.ActiveCfg = Debug|x64
		{9F2EAF77-75F3-48A2-B87D-BB943C5DD60B}.Debug|x64.Build.0 = Debug|x64
		{9F2EAF77-75F3-48A2-B87D-BB943C5DD60B}.Debug|x64.Deploy.0 = Debug|x64
		{9F2EAF77-75F3-48A2-B87D-BB943C5DD60B}.Debug|x86.ActiveCfg = Debug|x86
		{9F2EAF77-75F3-48A2-B87D-BB943C5DD60B}.Debug|x86.Build.0 = Debug|x86
		{9F2EAF77-75F3-48A2-B87D-BB943C5DD60B}.Debug|x86.Deploy.0 = Debug|x86
		{9F2EAF77-75F3-48A2-B87D-BB943C5DD60B}.Release|Any CPU.ActiveCfg = Release|x86
		{9F2EAF77-75F3-48A2-B87D-BB943C5DD60B}.Release|ARM.ActiveCfg = Release|ARM
		{9F2EAF77-75F3-48A2-B87D-BB943C5DD60B}.Release|ARM.Build.0 = Release|ARM
		{9F2EAF77-75F3-48A2-B87D-BB943C5DD60B}.Release|ARM.Deploy.0 = Release|ARM
		{9F2EAF77-75F3-48A2-B87D-BB943C5DD60B}.Release|iPhone.ActiveCfg = Release|x86
		{9F2EAF77-75F3-48A2-B87D-BB943C5DD60B}.Release|iPhoneSimulator.ActiveCfg = Release|x86
		{9F2EAF77-75F3-48A2-B87D-BB943C5DD60B}.Release|x64.ActiveCfg = Release|x64
		{9F2EAF77-75F3-48A2-B87D-BB943C5DD60B}.Release|x64.Build.0 = Release|x64
		{9F2EAF77-75F3-48A2-B87D-BB943C5DD60B}.Release|x64.Deploy.0 = Release|x64
		{9F2EAF77-75F3-48A2-B87D-BB943C5DD60B}.Release|x86.ActiveCfg = Release|x86
		{9F2EAF77-75F3-48A2-B87D-BB943C5DD60B}.Release|x86.Build.0 = Release|x86
		{9F2EAF77-75F3-48A2-B87D-BB943C5DD60B}.Release|x86.Deploy.0 = Release|x86
		{75854CFF-AA81-42B9-99C1-7F102C61B76E}.Ad-Hoc|Any CPU.ActiveCfg = Debug|Any CPU
		{75854CFF-AA81-42B9-99C1-7F102C61B76E}.Ad-Hoc|Any CPU.Build.0 = Debug|Any CPU
		{75854CFF-AA81-42B9-99C1-7F102C61B76E}.Ad-Hoc|ARM.ActiveCfg = Debug|Any CPU
		{75854CFF-AA81-42B9-99C1-7F102C61B76E}.Ad-Hoc|ARM.Build.0 = Debug|Any CPU
		{75854CFF-AA81-42B9-99C1-7F102C61B76E}.Ad-Hoc|iPhone.ActiveCfg = Debug|Any CPU
		{75854CFF-AA81-42B9-99C1-7F102C61B76E}.Ad-Hoc|iPhone.Build.0 = Debug|Any CPU
		{75854CFF-AA81-42B9-99C1-7F102C61B76E}.Ad-Hoc|iPhoneSimulator.ActiveCfg = Debug|Any CPU
		{75854CFF-AA81-42B9-99C1-7F102C61B76E}.Ad-Hoc|iPhoneSimulator.Build.0 = Debug|Any CPU
		{75854CFF-AA81-42B9-99C1-7F102C61B76E}.Ad-Hoc|x64.ActiveCfg = Debug|Any CPU
		{75854CFF-AA81-42B9-99C1-7F102C61B76E}.Ad-Hoc|x64.Build.0 = Debug|Any CPU
		{75854CFF-AA81-42B9-99C1-7F102C61B76E}.Ad-Hoc|x86.ActiveCfg = Debug|Any CPU
		{75854CFF-AA81-42B9-99C1-7F102C61B76E}.Ad-Hoc|x86.Build.0 = Debug|Any CPU
		{75854CFF-AA81-42B9-99C1-7F102C61B76E}.AppStore|Any CPU.ActiveCfg = Debug|Any CPU
		{75854CFF-AA81-42B9-99C1-7F102C61B76E}.AppStore|Any CPU.Build.0 = Debug|Any CPU
		{75854CFF-AA81-42B9-99C1-7F102C61B76E}.AppStore|ARM.ActiveCfg = Debug|Any CPU
		{75854CFF-AA81-42B9-99C1-7F102C61B76E}.AppStore|ARM.Build.0 = Debug|Any CPU
		{75854CFF-AA81-42B9-99C1-7F102C61B76E}.AppStore|iPhone.ActiveCfg = Debug|Any CPU
		{75854CFF-AA81-42B9-99C1-7F102C61B76E}.AppStore|iPhone.Build.0 = Debug|Any CPU
		{75854CFF-AA81-42B9-99C1-7F102C61B76E}.AppStore|iPhoneSimulator.ActiveCfg = Debug|Any CPU
		{75854CFF-AA81-42B9-99C1-7F102C61B76E}.AppStore|iPhoneSimulator.Build.0 = Debug|Any CPU
		{75854CFF-AA81-42B9-99C1-7F102C61B76E}.AppStore|x64.ActiveCfg = Debug|Any CPU
		{75854CFF-AA81-42B9-99C1-7F102C61B76E}.AppStore|x64.Build.0 = Debug|Any CPU
		{75854CFF-AA81-42B9-99C1-7F102C61B76E}.AppStore|x86.ActiveCfg = Debug|Any CPU
		{75854CFF-AA81-42B9-99C1-7F102C61B76E}.AppStore|x86.Build.0 = Debug|Any CPU
		{75854CFF-AA81-42B9-99C1-7F102C61B76E}.Debug|Any CPU.ActiveCfg = Debug|Any CPU
		{75854CFF-AA81-42B9-99C1-7F102C61B76E}.Debug|Any CPU.Build.0 = Debug|Any CPU
		{75854CFF-AA81-42B9-99C1-7F102C61B76E}.Debug|ARM.ActiveCfg = Debug|Any CPU
		{75854CFF-AA81-42B9-99C1-7F102C61B76E}.Debug|ARM.Build.0 = Debug|Any CPU
		{75854CFF-AA81-42B9-99C1-7F102C61B76E}.Debug|iPhone.ActiveCfg = Debug|Any CPU
		{75854CFF-AA81-42B9-99C1-7F102C61B76E}.Debug|iPhone.Build.0 = Debug|Any CPU
		{75854CFF-AA81-42B9-99C1-7F102C61B76E}.Debug|iPhoneSimulator.ActiveCfg = Debug|Any CPU
		{75854CFF-AA81-42B9-99C1-7F102C61B76E}.Debug|iPhoneSimulator.Build.0 = Debug|Any CPU
		{75854CFF-AA81-42B9-99C1-7F102C61B76E}.Debug|x64.ActiveCfg = Debug|Any CPU
		{75854CFF-AA81-42B9-99C1-7F102C61B76E}.Debug|x64.Build.0 = Debug|Any CPU
		{75854CFF-AA81-42B9-99C1-7F102C61B76E}.Debug|x86.ActiveCfg = Debug|Any CPU
		{75854CFF-AA81-42B9-99C1-7F102C61B76E}.Debug|x86.Build.0 = Debug|Any CPU
		{75854CFF-AA81-42B9-99C1-7F102C61B76E}.Release|Any CPU.ActiveCfg = Release|Any CPU
		{75854CFF-AA81-42B9-99C1-7F102C61B76E}.Release|Any CPU.Build.0 = Release|Any CPU
		{75854CFF-AA81-42B9-99C1-7F102C61B76E}.Release|ARM.ActiveCfg = Release|Any CPU
		{75854CFF-AA81-42B9-99C1-7F102C61B76E}.Release|ARM.Build.0 = Release|Any CPU
		{75854CFF-AA81-42B9-99C1-7F102C61B76E}.Release|iPhone.ActiveCfg = Release|Any CPU
		{75854CFF-AA81-42B9-99C1-7F102C61B76E}.Release|iPhone.Build.0 = Release|Any CPU
		{75854CFF-AA81-42B9-99C1-7F102C61B76E}.Release|iPhoneSimulator.ActiveCfg = Release|Any CPU
		{75854CFF-AA81-42B9-99C1-7F102C61B76E}.Release|iPhoneSimulator.Build.0 = Release|Any CPU
		{75854CFF-AA81-42B9-99C1-7F102C61B76E}.Release|x64.ActiveCfg = Release|Any CPU
		{75854CFF-AA81-42B9-99C1-7F102C61B76E}.Release|x64.Build.0 = Release|Any CPU
		{75854CFF-AA81-42B9-99C1-7F102C61B76E}.Release|x86.ActiveCfg = Release|Any CPU
		{75854CFF-AA81-42B9-99C1-7F102C61B76E}.Release|x86.Build.0 = Release|Any CPU
	EndGlobalSection
	GlobalSection(SolutionProperties) = preSolution
		HideSolutionNode = FALSE
	EndGlobalSection
	GlobalSection(NestedProjects) = preSolution
		{D9F89681-E819-449F-9054-5FEC40E959CB} = {ACF31B44-E9DA-41A6-87D7-9B81B87DA0FA}
		{433FA4CA-3F04-4339-86BD-9705CFA13C4C} = {ACF31B44-E9DA-41A6-87D7-9B81B87DA0FA}
		{5DDDCE70-7735-4BEC-B50B-74D077BD1910} = {ACF31B44-E9DA-41A6-87D7-9B81B87DA0FA}
		{9F2EAF77-75F3-48A2-B87D-BB943C5DD60B} = {ACF31B44-E9DA-41A6-87D7-9B81B87DA0FA}
		{75854CFF-AA81-42B9-99C1-7F102C61B76E} = {ACF31B44-E9DA-41A6-87D7-9B81B87DA0FA}
	EndGlobalSection
	GlobalSection(ExtensibilityGlobals) = postSolution
		SolutionGuid = {82B81175-263F-42C7-86FE-0D6B057B86E2}
	EndGlobalSection
EndGlobal
